// !$*UTF8*$!
{
	archiveVersion = 1;
	classes = {
	};
	objectVersion = 56;
	objects = {

/* Begin PBXBuildFile section */
		8A0183722B8622D500C6FCEE /* HomeView.swift in Sources */ = {isa = PBXBuildFile; fileRef = 8A0183712B8622D500C6FCEE /* HomeView.swift */; };
		8A5F43C02B8997950042CE6B /* Constant.swift in Sources */ = {isa = PBXBuildFile; fileRef = 8A5F43BF2B8997950042CE6B /* Constant.swift */; };
		8A5F43C22B8997F40042CE6B /* Endpoint.swift in Sources */ = {isa = PBXBuildFile; fileRef = 8A5F43C12B8997F40042CE6B /* Endpoint.swift */; };
		8A5F43C92B8998ED0042CE6B /* MoyaProvider+asyncRequest.swift in Sources */ = {isa = PBXBuildFile; fileRef = 8A5F43C82B8998ED0042CE6B /* MoyaProvider+asyncRequest.swift */; };
		8A5F43CB2B8999DE0042CE6B /* MoyaProvider+defaultProvider.swift in Sources */ = {isa = PBXBuildFile; fileRef = 8A5F43CA2B8999DE0042CE6B /* MoyaProvider+defaultProvider.swift */; };
		8A5F43D12B899ADC0042CE6B /* DefaultResponse.swift in Sources */ = {isa = PBXBuildFile; fileRef = 8A5F43D02B899ADC0042CE6B /* DefaultResponse.swift */; };
		8A5F43D32B899B830042CE6B /* DefaultTargetType.swift in Sources */ = {isa = PBXBuildFile; fileRef = 8A5F43D22B899B830042CE6B /* DefaultTargetType.swift */; };
		8A5F43D52B89A0F20042CE6B /* MovieTargetType.swift in Sources */ = {isa = PBXBuildFile; fileRef = 8A5F43D42B89A0F20042CE6B /* MovieTargetType.swift */; };
		8A5F43D92B89A93E0042CE6B /* MovieRepository.swift in Sources */ = {isa = PBXBuildFile; fileRef = 8A5F43D82B89A93E0042CE6B /* MovieRepository.swift */; };
		8A5F43DC2B89A9850042CE6B /* PopularMovie.swift in Sources */ = {isa = PBXBuildFile; fileRef = 8A5F43DB2B89A9850042CE6B /* PopularMovie.swift */; };
		8A788B482B860460003D8F68 /* MovieDBApp.swift in Sources */ = {isa = PBXBuildFile; fileRef = 8A788B472B860460003D8F68 /* MovieDBApp.swift */; };
		8A788B4C2B860464003D8F68 /* Assets.xcassets in Resources */ = {isa = PBXBuildFile; fileRef = 8A788B4B2B860464003D8F68 /* Assets.xcassets */; };
		8A788B4F2B860464003D8F68 /* Preview Assets.xcassets in Resources */ = {isa = PBXBuildFile; fileRef = 8A788B4E2B860464003D8F68 /* Preview Assets.xcassets */; };
		8A788B592B860464003D8F68 /* MovieDBTests.swift in Sources */ = {isa = PBXBuildFile; fileRef = 8A788B582B860464003D8F68 /* MovieDBTests.swift */; };
		8A788B632B860464003D8F68 /* MovieDBUITests.swift in Sources */ = {isa = PBXBuildFile; fileRef = 8A788B622B860464003D8F68 /* MovieDBUITests.swift */; };
		8A788B652B860464003D8F68 /* MovieDBUITestsLaunchTests.swift in Sources */ = {isa = PBXBuildFile; fileRef = 8A788B642B860464003D8F68 /* MovieDBUITestsLaunchTests.swift */; };
		8A8A33F62B89EE2E000EC574 /* HomeViewModel.swift in Sources */ = {isa = PBXBuildFile; fileRef = 8A8A33F52B89EE2E000EC574 /* HomeViewModel.swift */; };
		8AD067622B8631AA00DBBA35 /* CombineMoya in Frameworks */ = {isa = PBXBuildFile; productRef = 8AD067612B8631AA00DBBA35 /* CombineMoya */; };
		8AD067642B8631AA00DBBA35 /* Moya in Frameworks */ = {isa = PBXBuildFile; productRef = 8AD067632B8631AA00DBBA35 /* Moya */; };
		8AD067662B8631AA00DBBA35 /* ReactiveMoya in Frameworks */ = {isa = PBXBuildFile; productRef = 8AD067652B8631AA00DBBA35 /* ReactiveMoya */; };
		8AD067682B8631AA00DBBA35 /* RxMoya in Frameworks */ = {isa = PBXBuildFile; productRef = 8AD067672B8631AA00DBBA35 /* RxMoya */; };
/* End PBXBuildFile section */

/* Begin PBXContainerItemProxy section */
		8A788B552B860464003D8F68 /* PBXContainerItemProxy */ = {
			isa = PBXContainerItemProxy;
			containerPortal = 8A788B3C2B860460003D8F68 /* Project object */;
			proxyType = 1;
			remoteGlobalIDString = 8A788B432B860460003D8F68;
			remoteInfo = MovieDB;
		};
		8A788B5F2B860464003D8F68 /* PBXContainerItemProxy */ = {
			isa = PBXContainerItemProxy;
			containerPortal = 8A788B3C2B860460003D8F68 /* Project object */;
			proxyType = 1;
			remoteGlobalIDString = 8A788B432B860460003D8F68;
			remoteInfo = MovieDB;
		};
/* End PBXContainerItemProxy section */

/* Begin PBXFileReference section */
		8A0183712B8622D500C6FCEE /* HomeView.swift */ = {isa = PBXFileReference; lastKnownFileType = sourcecode.swift; path = HomeView.swift; sourceTree = "<group>"; };
		8A5F43BF2B8997950042CE6B /* Constant.swift */ = {isa = PBXFileReference; lastKnownFileType = sourcecode.swift; path = Constant.swift; sourceTree = "<group>"; };
		8A5F43C12B8997F40042CE6B /* Endpoint.swift */ = {isa = PBXFileReference; lastKnownFileType = sourcecode.swift; path = Endpoint.swift; sourceTree = "<group>"; };
		8A5F43C82B8998ED0042CE6B /* MoyaProvider+asyncRequest.swift */ = {isa = PBXFileReference; lastKnownFileType = sourcecode.swift; path = "MoyaProvider+asyncRequest.swift"; sourceTree = "<group>"; };
		8A5F43CA2B8999DE0042CE6B /* MoyaProvider+defaultProvider.swift */ = {isa = PBXFileReference; lastKnownFileType = sourcecode.swift; path = "MoyaProvider+defaultProvider.swift"; sourceTree = "<group>"; };
		8A5F43D02B899ADC0042CE6B /* DefaultResponse.swift */ = {isa = PBXFileReference; lastKnownFileType = sourcecode.swift; path = DefaultResponse.swift; sourceTree = "<group>"; };
		8A5F43D22B899B830042CE6B /* DefaultTargetType.swift */ = {isa = PBXFileReference; lastKnownFileType = sourcecode.swift; path = DefaultTargetType.swift; sourceTree = "<group>"; };
		8A5F43D42B89A0F20042CE6B /* MovieTargetType.swift */ = {isa = PBXFileReference; lastKnownFileType = sourcecode.swift; path = MovieTargetType.swift; sourceTree = "<group>"; };
		8A5F43D82B89A93E0042CE6B /* MovieRepository.swift */ = {isa = PBXFileReference; lastKnownFileType = sourcecode.swift; path = MovieRepository.swift; sourceTree = "<group>"; };
		8A5F43DB2B89A9850042CE6B /* PopularMovie.swift */ = {isa = PBXFileReference; lastKnownFileType = sourcecode.swift; path = PopularMovie.swift; sourceTree = "<group>"; };
		8A788B442B860460003D8F68 /* MovieDB.app */ = {isa = PBXFileReference; explicitFileType = wrapper.application; includeInIndex = 0; path = MovieDB.app; sourceTree = BUILT_PRODUCTS_DIR; };
		8A788B472B860460003D8F68 /* MovieDBApp.swift */ = {isa = PBXFileReference; lastKnownFileType = sourcecode.swift; path = MovieDBApp.swift; sourceTree = "<group>"; };
		8A788B4B2B860464003D8F68 /* Assets.xcassets */ = {isa = PBXFileReference; lastKnownFileType = folder.assetcatalog; path = Assets.xcassets; sourceTree = "<group>"; };
		8A788B4E2B860464003D8F68 /* Preview Assets.xcassets */ = {isa = PBXFileReference; lastKnownFileType = folder.assetcatalog; path = "Preview Assets.xcassets"; sourceTree = "<group>"; };
		8A788B542B860464003D8F68 /* MovieDBTests.xctest */ = {isa = PBXFileReference; explicitFileType = wrapper.cfbundle; includeInIndex = 0; path = MovieDBTests.xctest; sourceTree = BUILT_PRODUCTS_DIR; };
		8A788B582B860464003D8F68 /* MovieDBTests.swift */ = {isa = PBXFileReference; lastKnownFileType = sourcecode.swift; path = MovieDBTests.swift; sourceTree = "<group>"; };
		8A788B5E2B860464003D8F68 /* MovieDBUITests.xctest */ = {isa = PBXFileReference; explicitFileType = wrapper.cfbundle; includeInIndex = 0; path = MovieDBUITests.xctest; sourceTree = BUILT_PRODUCTS_DIR; };
		8A788B622B860464003D8F68 /* MovieDBUITests.swift */ = {isa = PBXFileReference; lastKnownFileType = sourcecode.swift; path = MovieDBUITests.swift; sourceTree = "<group>"; };
		8A788B642B860464003D8F68 /* MovieDBUITestsLaunchTests.swift */ = {isa = PBXFileReference; lastKnownFileType = sourcecode.swift; path = MovieDBUITestsLaunchTests.swift; sourceTree = "<group>"; };
		8A8A33F52B89EE2E000EC574 /* HomeViewModel.swift */ = {isa = PBXFileReference; lastKnownFileType = sourcecode.swift; path = HomeViewModel.swift; sourceTree = "<group>"; };
/* End PBXFileReference section */

/* Begin PBXFrameworksBuildPhase section */
		8A788B412B860460003D8F68 /* Frameworks */ = {
			isa = PBXFrameworksBuildPhase;
			buildActionMask = 2147483647;
			files = (
				8AD067642B8631AA00DBBA35 /* Moya in Frameworks */,
				8AD067622B8631AA00DBBA35 /* CombineMoya in Frameworks */,
				8AD067682B8631AA00DBBA35 /* RxMoya in Frameworks */,
				8AD067662B8631AA00DBBA35 /* ReactiveMoya in Frameworks */,
			);
			runOnlyForDeploymentPostprocessing = 0;
		};
		8A788B512B860464003D8F68 /* Frameworks */ = {
			isa = PBXFrameworksBuildPhase;
			buildActionMask = 2147483647;
			files = (
			);
			runOnlyForDeploymentPostprocessing = 0;
		};
		8A788B5B2B860464003D8F68 /* Frameworks */ = {
			isa = PBXFrameworksBuildPhase;
			buildActionMask = 2147483647;
			files = (
			);
			runOnlyForDeploymentPostprocessing = 0;
		};
/* End PBXFrameworksBuildPhase section */

/* Begin PBXGroup section */
		8A0183672B86225D00C6FCEE /* App */ = {
			isa = PBXGroup;
			children = (
				8A01836B2B86228C00C6FCEE /* Features */,
			);
			path = App;
			sourceTree = "<group>";
		};
		8A01836A2B86228600C6FCEE /* Core */ = {
			isa = PBXGroup;
			children = (
				8A788B472B860460003D8F68 /* MovieDBApp.swift */,
			);
			path = Core;
			sourceTree = "<group>";
		};
		8A01836B2B86228C00C6FCEE /* Features */ = {
			isa = PBXGroup;
			children = (
				8A01836C2B86229100C6FCEE /* Home */,
			);
			path = Features;
			sourceTree = "<group>";
		};
		8A01836C2B86229100C6FCEE /* Home */ = {
			isa = PBXGroup;
			children = (
				8A5F43E32B89AD5E0042CE6B /* View */,
				8A5F43E22B89AD540042CE6B /* ViewModel */,
			);
			path = Home;
			sourceTree = "<group>";
		};
		8A5F43BE2B89977F0042CE6B /* Utils */ = {
			isa = PBXGroup;
			children = (
				8A5F43BF2B8997950042CE6B /* Constant.swift */,
				8A5F43C12B8997F40042CE6B /* Endpoint.swift */,
			);
			path = Utils;
			sourceTree = "<group>";
		};
		8A5F43C32B89983B0042CE6B /* Commons */ = {
			isa = PBXGroup;
			children = (
				8A5F43CC2B899AB20042CE6B /* Data */,
				8A5F43C42B8998A60042CE6B /* Extension */,
				8A01836A2B86228600C6FCEE /* Core */,
				8A5F43BE2B89977F0042CE6B /* Utils */,
			);
			path = Commons;
			sourceTree = "<group>";
		};
		8A5F43C42B8998A60042CE6B /* Extension */ = {
			isa = PBXGroup;
			children = (
				8A5F43C62B8998D30042CE6B /* Moya */,
			);
			path = Extension;
			sourceTree = "<group>";
		};
		8A5F43C62B8998D30042CE6B /* Moya */ = {
			isa = PBXGroup;
			children = (
				8A5F43C82B8998ED0042CE6B /* MoyaProvider+asyncRequest.swift */,
				8A5F43CA2B8999DE0042CE6B /* MoyaProvider+defaultProvider.swift */,
			);
			path = Moya;
			sourceTree = "<group>";
		};
		8A5F43CC2B899AB20042CE6B /* Data */ = {
			isa = PBXGroup;
			children = (
				8A5F43DA2B89A9730042CE6B /* Entities */,
				8A5F43D72B89A90D0042CE6B /* Repository */,
				8A5F43CE2B899AC40042CE6B /* UseCase */,
				8A5F43CD2B899AB70042CE6B /* Reusable */,
			);
			path = Data;
			sourceTree = "<group>";
		};
		8A5F43CD2B899AB70042CE6B /* Reusable */ = {
			isa = PBXGroup;
			children = (
				8A5F43D02B899ADC0042CE6B /* DefaultResponse.swift */,
				8A5F43D22B899B830042CE6B /* DefaultTargetType.swift */,
			);
			path = Reusable;
			sourceTree = "<group>";
		};
		8A5F43CE2B899AC40042CE6B /* UseCase */ = {
			isa = PBXGroup;
			children = (
				8A5F43CF2B899AC90042CE6B /* Remote */,
			);
			path = UseCase;
			sourceTree = "<group>";
		};
		8A5F43CF2B899AC90042CE6B /* Remote */ = {
			isa = PBXGroup;
			children = (
				8A5F43D42B89A0F20042CE6B /* MovieTargetType.swift */,
			);
			path = Remote;
			sourceTree = "<group>";
		};
		8A5F43D72B89A90D0042CE6B /* Repository */ = {
			isa = PBXGroup;
			children = (
				8A5F43D82B89A93E0042CE6B /* MovieRepository.swift */,
			);
			path = Repository;
			sourceTree = "<group>";
		};
		8A5F43DA2B89A9730042CE6B /* Entities */ = {
			isa = PBXGroup;
			children = (
				8A5F43DD2B89AA110042CE6B /* Movie */,
			);
			path = Entities;
			sourceTree = "<group>";
		};
		8A5F43DD2B89AA110042CE6B /* Movie */ = {
			isa = PBXGroup;
			children = (
				8A5F43DB2B89A9850042CE6B /* PopularMovie.swift */,
			);
			path = Movie;
			sourceTree = "<group>";
		};
		8A5F43E22B89AD540042CE6B /* ViewModel */ = {
			isa = PBXGroup;
			children = (
				8A8A33F52B89EE2E000EC574 /* HomeViewModel.swift */,
			);
			path = ViewModel;
			sourceTree = "<group>";
		};
		8A5F43E32B89AD5E0042CE6B /* View */ = {
			isa = PBXGroup;
			children = (
				8A0183712B8622D500C6FCEE /* HomeView.swift */,
			);
			path = View;
			sourceTree = "<group>";
		};
		8A788B3B2B860460003D8F68 = {
			isa = PBXGroup;
			children = (
				8A788B462B860460003D8F68 /* MovieDB */,
				8A788B572B860464003D8F68 /* MovieDBTests */,
				8A788B612B860464003D8F68 /* MovieDBUITests */,
				8A788B452B860460003D8F68 /* Products */,
				8AD067602B8631AA00DBBA35 /* Frameworks */,
			);
			sourceTree = "<group>";
		};
		8A788B452B860460003D8F68 /* Products */ = {
			isa = PBXGroup;
			children = (
				8A788B442B860460003D8F68 /* MovieDB.app */,
				8A788B542B860464003D8F68 /* MovieDBTests.xctest */,
				8A788B5E2B860464003D8F68 /* MovieDBUITests.xctest */,
			);
			name = Products;
			sourceTree = "<group>";
		};
		8A788B462B860460003D8F68 /* MovieDB */ = {
			isa = PBXGroup;
			children = (
				8A5F43C32B89983B0042CE6B /* Commons */,
				8A0183672B86225D00C6FCEE /* App */,
				8A788B4B2B860464003D8F68 /* Assets.xcassets */,
				8A788B4D2B860464003D8F68 /* Preview Content */,
			);
			path = MovieDB;
			sourceTree = "<group>";
		};
		8A788B4D2B860464003D8F68 /* Preview Content */ = {
			isa = PBXGroup;
			children = (
				8A788B4E2B860464003D8F68 /* Preview Assets.xcassets */,
			);
			path = "Preview Content";
			sourceTree = "<group>";
		};
		8A788B572B860464003D8F68 /* MovieDBTests */ = {
			isa = PBXGroup;
			children = (
				8A788B582B860464003D8F68 /* MovieDBTests.swift */,
			);
			path = MovieDBTests;
			sourceTree = "<group>";
		};
		8A788B612B860464003D8F68 /* MovieDBUITests */ = {
			isa = PBXGroup;
			children = (
				8A788B622B860464003D8F68 /* MovieDBUITests.swift */,
				8A788B642B860464003D8F68 /* MovieDBUITestsLaunchTests.swift */,
			);
			path = MovieDBUITests;
			sourceTree = "<group>";
		};
		8AD067602B8631AA00DBBA35 /* Frameworks */ = {
			isa = PBXGroup;
			children = (
			);
			name = Frameworks;
			sourceTree = "<group>";
		};
/* End PBXGroup section */

/* Begin PBXNativeTarget section */
		8A788B432B860460003D8F68 /* MovieDB */ = {
			isa = PBXNativeTarget;
			buildConfigurationList = 8A788B682B860464003D8F68 /* Build configuration list for PBXNativeTarget "MovieDB" */;
			buildPhases = (
				8A788B402B860460003D8F68 /* Sources */,
				8A788B412B860460003D8F68 /* Frameworks */,
				8A788B422B860460003D8F68 /* Resources */,
			);
			buildRules = (
			);
			dependencies = (
			);
			name = MovieDB;
			packageProductDependencies = (
				8AD067612B8631AA00DBBA35 /* CombineMoya */,
				8AD067632B8631AA00DBBA35 /* Moya */,
				8AD067652B8631AA00DBBA35 /* ReactiveMoya */,
				8AD067672B8631AA00DBBA35 /* RxMoya */,
			);
			productName = MovieDB;
			productReference = 8A788B442B860460003D8F68 /* MovieDB.app */;
			productType = "com.apple.product-type.application";
		};
		8A788B532B860464003D8F68 /* MovieDBTests */ = {
			isa = PBXNativeTarget;
			buildConfigurationList = 8A788B6B2B860464003D8F68 /* Build configuration list for PBXNativeTarget "MovieDBTests" */;
			buildPhases = (
				8A788B502B860464003D8F68 /* Sources */,
				8A788B512B860464003D8F68 /* Frameworks */,
				8A788B522B860464003D8F68 /* Resources */,
			);
			buildRules = (
			);
			dependencies = (
				8A788B562B860464003D8F68 /* PBXTargetDependency */,
			);
			name = MovieDBTests;
			productName = MovieDBTests;
			productReference = 8A788B542B860464003D8F68 /* MovieDBTests.xctest */;
			productType = "com.apple.product-type.bundle.unit-test";
		};
		8A788B5D2B860464003D8F68 /* MovieDBUITests */ = {
			isa = PBXNativeTarget;
			buildConfigurationList = 8A788B6E2B860464003D8F68 /* Build configuration list for PBXNativeTarget "MovieDBUITests" */;
			buildPhases = (
				8A788B5A2B860464003D8F68 /* Sources */,
				8A788B5B2B860464003D8F68 /* Frameworks */,
				8A788B5C2B860464003D8F68 /* Resources */,
			);
			buildRules = (
			);
			dependencies = (
				8A788B602B860464003D8F68 /* PBXTargetDependency */,
			);
			name = MovieDBUITests;
			productName = MovieDBUITests;
			productReference = 8A788B5E2B860464003D8F68 /* MovieDBUITests.xctest */;
			productType = "com.apple.product-type.bundle.ui-testing";
		};
/* End PBXNativeTarget section */

/* Begin PBXProject section */
		8A788B3C2B860460003D8F68 /* Project object */ = {
			isa = PBXProject;
			attributes = {
				BuildIndependentTargetsInParallel = 1;
				LastSwiftUpdateCheck = 1500;
				LastUpgradeCheck = 1500;
				TargetAttributes = {
					8A788B432B860460003D8F68 = {
						CreatedOnToolsVersion = 15.0;
					};
					8A788B532B860464003D8F68 = {
						CreatedOnToolsVersion = 15.0;
						TestTargetID = 8A788B432B860460003D8F68;
					};
					8A788B5D2B860464003D8F68 = {
						CreatedOnToolsVersion = 15.0;
						TestTargetID = 8A788B432B860460003D8F68;
					};
				};
			};
			buildConfigurationList = 8A788B3F2B860460003D8F68 /* Build configuration list for PBXProject "MovieDB" */;
			compatibilityVersion = "Xcode 14.0";
			developmentRegion = en;
			hasScannedForEncodings = 0;
			knownRegions = (
				en,
				Base,
			);
			mainGroup = 8A788B3B2B860460003D8F68;
			packageReferences = (
				8A0183762B86243C00C6FCEE /* XCRemoteSwiftPackageReference "Moya" */,
			);
			productRefGroup = 8A788B452B860460003D8F68 /* Products */;
			projectDirPath = "";
			projectRoot = "";
			targets = (
				8A788B432B860460003D8F68 /* MovieDB */,
				8A788B532B860464003D8F68 /* MovieDBTests */,
				8A788B5D2B860464003D8F68 /* MovieDBUITests */,
			);
		};
/* End PBXProject section */

/* Begin PBXResourcesBuildPhase section */
		8A788B422B860460003D8F68 /* Resources */ = {
			isa = PBXResourcesBuildPhase;
			buildActionMask = 2147483647;
			files = (
				8A788B4F2B860464003D8F68 /* Preview Assets.xcassets in Resources */,
				8A788B4C2B860464003D8F68 /* Assets.xcassets in Resources */,
			);
			runOnlyForDeploymentPostprocessing = 0;
		};
		8A788B522B860464003D8F68 /* Resources */ = {
			isa = PBXResourcesBuildPhase;
			buildActionMask = 2147483647;
			files = (
			);
			runOnlyForDeploymentPostprocessing = 0;
		};
		8A788B5C2B860464003D8F68 /* Resources */ = {
			isa = PBXResourcesBuildPhase;
			buildActionMask = 2147483647;
			files = (
			);
			runOnlyForDeploymentPostprocessing = 0;
		};
/* End PBXResourcesBuildPhase section */

/* Begin PBXSourcesBuildPhase section */
		8A788B402B860460003D8F68 /* Sources */ = {
			isa = PBXSourcesBuildPhase;
			buildActionMask = 2147483647;
			files = (
				8A5F43D32B899B830042CE6B /* DefaultTargetType.swift in Sources */,
				8A0183722B8622D500C6FCEE /* HomeView.swift in Sources */,
				8A788B482B860460003D8F68 /* MovieDBApp.swift in Sources */,
				8A5F43D52B89A0F20042CE6B /* MovieTargetType.swift in Sources */,
				8A5F43D12B899ADC0042CE6B /* DefaultResponse.swift in Sources */,
				8A5F43C22B8997F40042CE6B /* Endpoint.swift in Sources */,
				8A5F43CB2B8999DE0042CE6B /* MoyaProvider+defaultProvider.swift in Sources */,
				8A8A33F62B89EE2E000EC574 /* HomeViewModel.swift in Sources */,
				8A5F43DC2B89A9850042CE6B /* PopularMovie.swift in Sources */,
				8A5F43C92B8998ED0042CE6B /* MoyaProvider+asyncRequest.swift in Sources */,
				8A5F43D92B89A93E0042CE6B /* MovieRepository.swift in Sources */,
				8A5F43C02B8997950042CE6B /* Constant.swift in Sources */,
			);
			runOnlyForDeploymentPostprocessing = 0;
		};
		8A788B502B860464003D8F68 /* Sources */ = {
			isa = PBXSourcesBuildPhase;
			buildActionMask = 2147483647;
			files = (
				8A788B592B860464003D8F68 /* MovieDBTests.swift in Sources */,
			);
			runOnlyForDeploymentPostprocessing = 0;
		};
		8A788B5A2B860464003D8F68 /* Sources */ = {
			isa = PBXSourcesBuildPhase;
			buildActionMask = 2147483647;
			files = (
				8A788B632B860464003D8F68 /* MovieDBUITests.swift in Sources */,
				8A788B652B860464003D8F68 /* MovieDBUITestsLaunchTests.swift in Sources */,
			);
			runOnlyForDeploymentPostprocessing = 0;
		};
/* End PBXSourcesBuildPhase section */

/* Begin PBXTargetDependency section */
		8A788B562B860464003D8F68 /* PBXTargetDependency */ = {
			isa = PBXTargetDependency;
			target = 8A788B432B860460003D8F68 /* MovieDB */;
			targetProxy = 8A788B552B860464003D8F68 /* PBXContainerItemProxy */;
		};
		8A788B602B860464003D8F68 /* PBXTargetDependency */ = {
			isa = PBXTargetDependency;
			target = 8A788B432B860460003D8F68 /* MovieDB */;
			targetProxy = 8A788B5F2B860464003D8F68 /* PBXContainerItemProxy */;
		};
/* End PBXTargetDependency section */

/* Begin XCBuildConfiguration section */
		8A788B662B860464003D8F68 /* Debug */ = {
			isa = XCBuildConfiguration;
			buildSettings = {
				ALWAYS_SEARCH_USER_PATHS = NO;
				ASSETCATALOG_COMPILER_GENERATE_SWIFT_ASSET_SYMBOL_EXTENSIONS = YES;
				CLANG_ANALYZER_NONNULL = YES;
				CLANG_ANALYZER_NUMBER_OBJECT_CONVERSION = YES_AGGRESSIVE;
				CLANG_CXX_LANGUAGE_STANDARD = "gnu++20";
				CLANG_ENABLE_MODULES = YES;
				CLANG_ENABLE_OBJC_ARC = YES;
				CLANG_ENABLE_OBJC_WEAK = YES;
				CLANG_WARN_BLOCK_CAPTURE_AUTORELEASING = YES;
				CLANG_WARN_BOOL_CONVERSION = YES;
				CLANG_WARN_COMMA = YES;
				CLANG_WARN_CONSTANT_CONVERSION = YES;
				CLANG_WARN_DEPRECATED_OBJC_IMPLEMENTATIONS = YES;
				CLANG_WARN_DIRECT_OBJC_ISA_USAGE = YES_ERROR;
				CLANG_WARN_DOCUMENTATION_COMMENTS = YES;
				CLANG_WARN_EMPTY_BODY = YES;
				CLANG_WARN_ENUM_CONVERSION = YES;
				CLANG_WARN_INFINITE_RECURSION = YES;
				CLANG_WARN_INT_CONVERSION = YES;
				CLANG_WARN_NON_LITERAL_NULL_CONVERSION = YES;
				CLANG_WARN_OBJC_IMPLICIT_RETAIN_SELF = YES;
				CLANG_WARN_OBJC_LITERAL_CONVERSION = YES;
				CLANG_WARN_OBJC_ROOT_CLASS = YES_ERROR;
				CLANG_WARN_QUOTED_INCLUDE_IN_FRAMEWORK_HEADER = YES;
				CLANG_WARN_RANGE_LOOP_ANALYSIS = YES;
				CLANG_WARN_STRICT_PROTOTYPES = YES;
				CLANG_WARN_SUSPICIOUS_MOVE = YES;
				CLANG_WARN_UNGUARDED_AVAILABILITY = YES_AGGRESSIVE;
				CLANG_WARN_UNREACHABLE_CODE = YES;
				CLANG_WARN__DUPLICATE_METHOD_MATCH = YES;
				COPY_PHASE_STRIP = NO;
				DEBUG_INFORMATION_FORMAT = dwarf;
				ENABLE_STRICT_OBJC_MSGSEND = YES;
				ENABLE_TESTABILITY = YES;
				ENABLE_USER_SCRIPT_SANDBOXING = YES;
				GCC_C_LANGUAGE_STANDARD = gnu17;
				GCC_DYNAMIC_NO_PIC = NO;
				GCC_NO_COMMON_BLOCKS = YES;
				GCC_OPTIMIZATION_LEVEL = 0;
				GCC_PREPROCESSOR_DEFINITIONS = (
					"DEBUG=1",
					"$(inherited)",
				);
				GCC_WARN_64_TO_32_BIT_CONVERSION = YES;
				GCC_WARN_ABOUT_RETURN_TYPE = YES_ERROR;
				GCC_WARN_UNDECLARED_SELECTOR = YES;
				GCC_WARN_UNINITIALIZED_AUTOS = YES_AGGRESSIVE;
				GCC_WARN_UNUSED_FUNCTION = YES;
				GCC_WARN_UNUSED_VARIABLE = YES;
				IPHONEOS_DEPLOYMENT_TARGET = 17.0;
				LOCALIZATION_PREFERS_STRING_CATALOGS = YES;
				MTL_ENABLE_DEBUG_INFO = INCLUDE_SOURCE;
				MTL_FAST_MATH = YES;
				ONLY_ACTIVE_ARCH = YES;
				SDKROOT = iphoneos;
				SWIFT_ACTIVE_COMPILATION_CONDITIONS = "DEBUG $(inherited)";
				SWIFT_OPTIMIZATION_LEVEL = "-Onone";
			};
			name = Debug;
		};
		8A788B672B860464003D8F68 /* Release */ = {
			isa = XCBuildConfiguration;
			buildSettings = {
				ALWAYS_SEARCH_USER_PATHS = NO;
				ASSETCATALOG_COMPILER_GENERATE_SWIFT_ASSET_SYMBOL_EXTENSIONS = YES;
				CLANG_ANALYZER_NONNULL = YES;
				CLANG_ANALYZER_NUMBER_OBJECT_CONVERSION = YES_AGGRESSIVE;
				CLANG_CXX_LANGUAGE_STANDARD = "gnu++20";
				CLANG_ENABLE_MODULES = YES;
				CLANG_ENABLE_OBJC_ARC = YES;
				CLANG_ENABLE_OBJC_WEAK = YES;
				CLANG_WARN_BLOCK_CAPTURE_AUTORELEASING = YES;
				CLANG_WARN_BOOL_CONVERSION = YES;
				CLANG_WARN_COMMA = YES;
				CLANG_WARN_CONSTANT_CONVERSION = YES;
				CLANG_WARN_DEPRECATED_OBJC_IMPLEMENTATIONS = YES;
				CLANG_WARN_DIRECT_OBJC_ISA_USAGE = YES_ERROR;
				CLANG_WARN_DOCUMENTATION_COMMENTS = YES;
				CLANG_WARN_EMPTY_BODY = YES;
				CLANG_WARN_ENUM_CONVERSION = YES;
				CLANG_WARN_INFINITE_RECURSION = YES;
				CLANG_WARN_INT_CONVERSION = YES;
				CLANG_WARN_NON_LITERAL_NULL_CONVERSION = YES;
				CLANG_WARN_OBJC_IMPLICIT_RETAIN_SELF = YES;
				CLANG_WARN_OBJC_LITERAL_CONVERSION = YES;
				CLANG_WARN_OBJC_ROOT_CLASS = YES_ERROR;
				CLANG_WARN_QUOTED_INCLUDE_IN_FRAMEWORK_HEADER = YES;
				CLANG_WARN_RANGE_LOOP_ANALYSIS = YES;
				CLANG_WARN_STRICT_PROTOTYPES = YES;
				CLANG_WARN_SUSPICIOUS_MOVE = YES;
				CLANG_WARN_UNGUARDED_AVAILABILITY = YES_AGGRESSIVE;
				CLANG_WARN_UNREACHABLE_CODE = YES;
				CLANG_WARN__DUPLICATE_METHOD_MATCH = YES;
				COPY_PHASE_STRIP = NO;
				DEBUG_INFORMATION_FORMAT = "dwarf-with-dsym";
				ENABLE_NS_ASSERTIONS = NO;
				ENABLE_STRICT_OBJC_MSGSEND = YES;
				ENABLE_USER_SCRIPT_SANDBOXING = YES;
				GCC_C_LANGUAGE_STANDARD = gnu17;
				GCC_NO_COMMON_BLOCKS = YES;
				GCC_WARN_64_TO_32_BIT_CONVERSION = YES;
				GCC_WARN_ABOUT_RETURN_TYPE = YES_ERROR;
				GCC_WARN_UNDECLARED_SELECTOR = YES;
				GCC_WARN_UNINITIALIZED_AUTOS = YES_AGGRESSIVE;
				GCC_WARN_UNUSED_FUNCTION = YES;
				GCC_WARN_UNUSED_VARIABLE = YES;
				IPHONEOS_DEPLOYMENT_TARGET = 17.0;
				LOCALIZATION_PREFERS_STRING_CATALOGS = YES;
				MTL_ENABLE_DEBUG_INFO = NO;
				MTL_FAST_MATH = YES;
				SDKROOT = iphoneos;
				SWIFT_COMPILATION_MODE = wholemodule;
				VALIDATE_PRODUCT = YES;
			};
			name = Release;
		};
		8A788B692B860464003D8F68 /* Debug */ = {
			isa = XCBuildConfiguration;
			buildSettings = {
				ASSETCATALOG_COMPILER_APPICON_NAME = AppIcon;
				ASSETCATALOG_COMPILER_GLOBAL_ACCENT_COLOR_NAME = AccentColor;
				CODE_SIGN_STYLE = Automatic;
				CURRENT_PROJECT_VERSION = 1;
				DEVELOPMENT_ASSET_PATHS = "\"MovieDB/Preview Content\"";
				ENABLE_PREVIEWS = YES;
				GENERATE_INFOPLIST_FILE = YES;
				INFOPLIST_KEY_UIApplicationSceneManifest_Generation = YES;
				INFOPLIST_KEY_UIApplicationSupportsIndirectInputEvents = YES;
				INFOPLIST_KEY_UILaunchScreen_Generation = YES;
				INFOPLIST_KEY_UISupportedInterfaceOrientations_iPad = "UIInterfaceOrientationPortrait UIInterfaceOrientationPortraitUpsideDown UIInterfaceOrientationLandscapeLeft UIInterfaceOrientationLandscapeRight";
				INFOPLIST_KEY_UISupportedInterfaceOrientations_iPhone = "UIInterfaceOrientationPortrait UIInterfaceOrientationLandscapeLeft UIInterfaceOrientationLandscapeRight";
				LD_RUNPATH_SEARCH_PATHS = (
					"$(inherited)",
					"@executable_path/Frameworks",
				);
				MARKETING_VERSION = 1.0;
				PRODUCT_BUNDLE_IDENTIFIER = id.yazidal.MovieDB;
				PRODUCT_NAME = "$(TARGET_NAME)";
				SWIFT_EMIT_LOC_STRINGS = YES;
				SWIFT_VERSION = 5.0;
				TARGETED_DEVICE_FAMILY = "1,2";
			};
			name = Debug;
		};
		8A788B6A2B860464003D8F68 /* Release */ = {
			isa = XCBuildConfiguration;
			buildSettings = {
				ASSETCATALOG_COMPILER_APPICON_NAME = AppIcon;
				ASSETCATALOG_COMPILER_GLOBAL_ACCENT_COLOR_NAME = AccentColor;
				CODE_SIGN_STYLE = Automatic;
				CURRENT_PROJECT_VERSION = 1;
				DEVELOPMENT_ASSET_PATHS = "\"MovieDB/Preview Content\"";
				ENABLE_PREVIEWS = YES;
				GENERATE_INFOPLIST_FILE = YES;
				INFOPLIST_KEY_UIApplicationSceneManifest_Generation = YES;
				INFOPLIST_KEY_UIApplicationSupportsIndirectInputEvents = YES;
				INFOPLIST_KEY_UILaunchScreen_Generation = YES;
				INFOPLIST_KEY_UISupportedInterfaceOrientations_iPad = "UIInterfaceOrientationPortrait UIInterfaceOrientationPortraitUpsideDown UIInterfaceOrientationLandscapeLeft UIInterfaceOrientationLandscapeRight";
				INFOPLIST_KEY_UISupportedInterfaceOrientations_iPhone = "UIInterfaceOrientationPortrait UIInterfaceOrientationLandscapeLeft UIInterfaceOrientationLandscapeRight";
				LD_RUNPATH_SEARCH_PATHS = (
					"$(inherited)",
					"@executable_path/Frameworks",
				);
				MARKETING_VERSION = 1.0;
				PRODUCT_BUNDLE_IDENTIFIER = id.yazidal.MovieDB;
				PRODUCT_NAME = "$(TARGET_NAME)";
				SWIFT_EMIT_LOC_STRINGS = YES;
				SWIFT_VERSION = 5.0;
				TARGETED_DEVICE_FAMILY = "1,2";
			};
			name = Release;
		};
		8A788B6C2B860464003D8F68 /* Debug */ = {
			isa = XCBuildConfiguration;
			buildSettings = {
				ALWAYS_EMBED_SWIFT_STANDARD_LIBRARIES = YES;
				BUNDLE_LOADER = "$(TEST_HOST)";
				CODE_SIGN_STYLE = Automatic;
				CURRENT_PROJECT_VERSION = 1;
				GENERATE_INFOPLIST_FILE = YES;
				IPHONEOS_DEPLOYMENT_TARGET = 17.0;
				MARKETING_VERSION = 1.0;
				PRODUCT_BUNDLE_IDENTIFIER = id.yazidal.MovieDBTests;
				PRODUCT_NAME = "$(TARGET_NAME)";
				SWIFT_EMIT_LOC_STRINGS = NO;
				SWIFT_VERSION = 5.0;
				TARGETED_DEVICE_FAMILY = "1,2";
				TEST_HOST = "$(BUILT_PRODUCTS_DIR)/MovieDB.app/$(BUNDLE_EXECUTABLE_FOLDER_PATH)/MovieDB";
			};
			name = Debug;
		};
		8A788B6D2B860464003D8F68 /* Release */ = {
			isa = XCBuildConfiguration;
			buildSettings = {
				ALWAYS_EMBED_SWIFT_STANDARD_LIBRARIES = YES;
				BUNDLE_LOADER = "$(TEST_HOST)";
				CODE_SIGN_STYLE = Automatic;
				CURRENT_PROJECT_VERSION = 1;
				GENERATE_INFOPLIST_FILE = YES;
				IPHONEOS_DEPLOYMENT_TARGET = 17.0;
				MARKETING_VERSION = 1.0;
				PRODUCT_BUNDLE_IDENTIFIER = id.yazidal.MovieDBTests;
				PRODUCT_NAME = "$(TARGET_NAME)";
				SWIFT_EMIT_LOC_STRINGS = NO;
				SWIFT_VERSION = 5.0;
				TARGETED_DEVICE_FAMILY = "1,2";
				TEST_HOST = "$(BUILT_PRODUCTS_DIR)/MovieDB.app/$(BUNDLE_EXECUTABLE_FOLDER_PATH)/MovieDB";
			};
			name = Release;
		};
		8A788B6F2B860464003D8F68 /* Debug */ = {
			isa = XCBuildConfiguration;
			buildSettings = {
				ALWAYS_EMBED_SWIFT_STANDARD_LIBRARIES = YES;
				CODE_SIGN_STYLE = Automatic;
				CURRENT_PROJECT_VERSION = 1;
				GENERATE_INFOPLIST_FILE = YES;
				MARKETING_VERSION = 1.0;
				PRODUCT_BUNDLE_IDENTIFIER = id.yazidal.MovieDBUITests;
				PRODUCT_NAME = "$(TARGET_NAME)";
				SWIFT_EMIT_LOC_STRINGS = NO;
				SWIFT_VERSION = 5.0;
				TARGETED_DEVICE_FAMILY = "1,2";
				TEST_TARGET_NAME = MovieDB;
			};
			name = Debug;
		};
		8A788B702B860464003D8F68 /* Release */ = {
			isa = XCBuildConfiguration;
			buildSettings = {
				ALWAYS_EMBED_SWIFT_STANDARD_LIBRARIES = YES;
				CODE_SIGN_STYLE = Automatic;
				CURRENT_PROJECT_VERSION = 1;
				GENERATE_INFOPLIST_FILE = YES;
				MARKETING_VERSION = 1.0;
				PRODUCT_BUNDLE_IDENTIFIER = id.yazidal.MovieDBUITests;
				PRODUCT_NAME = "$(TARGET_NAME)";
				SWIFT_EMIT_LOC_STRINGS = NO;
				SWIFT_VERSION = 5.0;
				TARGETED_DEVICE_FAMILY = "1,2";
				TEST_TARGET_NAME = MovieDB;
			};
			name = Release;
		};
/* End XCBuildConfiguration section */

/* Begin XCConfigurationList section */
		8A788B3F2B860460003D8F68 /* Build configuration list for PBXProject "MovieDB" */ = {
			isa = XCConfigurationList;
			buildConfigurations = (
				8A788B662B860464003D8F68 /* Debug */,
				8A788B672B860464003D8F68 /* Release */,
			);
			defaultConfigurationIsVisible = 0;
			defaultConfigurationName = Release;
		};
		8A788B682B860464003D8F68 /* Build configuration list for PBXNativeTarget "MovieDB" */ = {
			isa = XCConfigurationList;
			buildConfigurations = (
				8A788B692B860464003D8F68 /* Debug */,
				8A788B6A2B860464003D8F68 /* Release */,
			);
			defaultConfigurationIsVisible = 0;
			defaultConfigurationName = Release;
		};
		8A788B6B2B860464003D8F68 /* Build configuration list for PBXNativeTarget "MovieDBTests" */ = {
			isa = XCConfigurationList;
			buildConfigurations = (
				8A788B6C2B860464003D8F68 /* Debug */,
				8A788B6D2B860464003D8F68 /* Release */,
			);
			defaultConfigurationIsVisible = 0;
			defaultConfigurationName = Release;
		};
		8A788B6E2B860464003D8F68 /* Build configuration list for PBXNativeTarget "MovieDBUITests" */ = {
			isa = XCConfigurationList;
			buildConfigurations = (
				8A788B6F2B860464003D8F68 /* Debug */,
				8A788B702B860464003D8F68 /* Release */,
			);
			defaultConfigurationIsVisible = 0;
			defaultConfigurationName = Release;
		};
/* End XCConfigurationList section */

/* Begin XCRemoteSwiftPackageReference section */
		8A0183762B86243C00C6FCEE /* XCRemoteSwiftPackageReference "Moya" */ = {
			isa = XCRemoteSwiftPackageReference;
			repositoryURL = "https://github.com/Moya/Moya.git";
			requirement = {
				kind = upToNextMajorVersion;
				minimumVersion = 15.0.3;
			};
		};
/* End XCRemoteSwiftPackageReference section */

/* Begin XCSwiftPackageProductDependency section */
		8AD067612B8631AA00DBBA35 /* CombineMoya */ = {
			isa = XCSwiftPackageProductDependency;
			package = 8A0183762B86243C00C6FCEE /* XCRemoteSwiftPackageReference "Moya" */;
			productName = CombineMoya;
		};
		8AD067632B8631AA00DBBA35 /* Moya */ = {
			isa = XCSwiftPackageProductDependency;
			package = 8A0183762B86243C00C6FCEE /* XCRemoteSwiftPackageReference "Moya" */;
			productName = Moya;
		};
		8AD067652B8631AA00DBBA35 /* ReactiveMoya */ = {
			isa = XCSwiftPackageProductDependency;
			package = 8A0183762B86243C00C6FCEE /* XCRemoteSwiftPackageReference "Moya" */;
			productName = ReactiveMoya;
		};
		8AD067672B8631AA00DBBA35 /* RxMoya */ = {
			isa = XCSwiftPackageProductDependency;
			package = 8A0183762B86243C00C6FCEE /* XCRemoteSwiftPackageReference "Moya" */;
			productName = RxMoya;
		};
/* End XCSwiftPackageProductDependency section */
	};
	rootObject = 8A788B3C2B860460003D8F68 /* Project object */;
}
